
Microsoft Visual Studio Solution File, Format Version 12.00
# Visual Studio Version 17
VisualStudioVersion = 17.4.33103.184
MinimumVisualStudioVersion = 10.0.40219.1
Project("{9A19103F-16F7-4668-BE54-9A1E7A4F7556}") = "YDotNet", "YDotNet\YDotNet.csproj", "{52763429-AB26-4415-9C7B-F17012FE3FDA}"
EndProject
Project("{2150E333-8FDC-42A3-9474-1A3956D46DE8}") = "Tests", "Tests", "{03858045-3849-41E2-ACE9-F10AAA4CCBCA}"
EndProject
Project("{9A19103F-16F7-4668-BE54-9A1E7A4F7556}") = "YDotNet.Tests.Unit", "Tests\YDotNet.Tests.Unit\YDotNet.Tests.Unit.csproj", "{F85C9334-87AF-4FFC-A301-3A9F57ECD4AB}"
EndProject
Project("{9A19103F-16F7-4668-BE54-9A1E7A4F7556}") = "YDotNet.Server", "YDotNet.Server\YDotNet.Server.csproj", "{F24C69F2-E08A-4C93-A173-3F24FD4A0E7A}"
EndProject
Project("{9A19103F-16F7-4668-BE54-9A1E7A4F7556}") = "YDotNet.Server.Redis", "YDotNet.Server.Redis\YDotNet.Server.Redis.csproj", "{99705343-FB53-47F5-8601-FC89BA565F94}"
EndProject
Project("{9A19103F-16F7-4668-BE54-9A1E7A4F7556}") = "YDotNet.Server.WebSockets", "YDotNet.Server.WebSockets\YDotNet.Server.WebSockets.csproj", "{273EF3C8-55E5-46EC-A985-ED677F41133D}"
EndProject
Project("{2150E333-8FDC-42A3-9474-1A3956D46DE8}") = "Demo", "Demo", "{12A368ED-DC07-4A33-85AB-6330C11476ED}"
EndProject
Project("{9A19103F-16F7-4668-BE54-9A1E7A4F7556}") = "Demo", "Demo\Demo.csproj", "{13D76453-95FC-441D-9AC7-E41848C882C4}"
EndProject
Project("{FAE04EC0-301F-11D3-BF4B-00C04F79EFBC}") = "YDotNet.MongoDB", "YDotNet.MongoDB\YDotNet.MongoDB.csproj", "{DAA60ED8-B8E3-4D84-85D4-F07DF597281C}"
EndProject
Global
	GlobalSection(SolutionConfigurationPlatforms) = preSolution
		Debug|Any CPU = Debug|Any CPU
		Release|Any CPU = Release|Any CPU
	EndGlobalSection
	GlobalSection(ProjectConfigurationPlatforms) = postSolution
		{52763429-AB26-4415-9C7B-F17012FE3FDA}.Debug|Any CPU.ActiveCfg = Debug|Any CPU
		{52763429-AB26-4415-9C7B-F17012FE3FDA}.Debug|Any CPU.Build.0 = Debug|Any CPU
		{52763429-AB26-4415-9C7B-F17012FE3FDA}.Release|Any CPU.ActiveCfg = Release|Any CPU
		{52763429-AB26-4415-9C7B-F17012FE3FDA}.Release|Any CPU.Build.0 = Release|Any CPU
		{F85C9334-87AF-4FFC-A301-3A9F57ECD4AB}.Debug|Any CPU.ActiveCfg = Debug|Any CPU
		{F85C9334-87AF-4FFC-A301-3A9F57ECD4AB}.Debug|Any CPU.Build.0 = Debug|Any CPU
		{F85C9334-87AF-4FFC-A301-3A9F57ECD4AB}.Release|Any CPU.ActiveCfg = Debug|Any CPU
		{F85C9334-87AF-4FFC-A301-3A9F57ECD4AB}.Release|Any CPU.Build.0 = Debug|Any CPU
		{F24C69F2-E08A-4C93-A173-3F24FD4A0E7A}.Debug|Any CPU.ActiveCfg = Debug|Any CPU
		{F24C69F2-E08A-4C93-A173-3F24FD4A0E7A}.Debug|Any CPU.Build.0 = Debug|Any CPU
		{F24C69F2-E08A-4C93-A173-3F24FD4A0E7A}.Release|Any CPU.ActiveCfg = Release|Any CPU
		{F24C69F2-E08A-4C93-A173-3F24FD4A0E7A}.Release|Any CPU.Build.0 = Release|Any CPU
		{99705343-FB53-47F5-8601-FC89BA565F94}.Debug|Any CPU.ActiveCfg = Debug|Any CPU
		{99705343-FB53-47F5-8601-FC89BA565F94}.Debug|Any CPU.Build.0 = Debug|Any CPU
		{99705343-FB53-47F5-8601-FC89BA565F94}.Release|Any CPU.ActiveCfg = Release|Any CPU
		{99705343-FB53-47F5-8601-FC89BA565F94}.Release|Any CPU.Build.0 = Release|Any CPU
		{273EF3C8-55E5-46EC-A985-ED677F41133D}.Debug|Any CPU.ActiveCfg = Debug|Any CPU
		{273EF3C8-55E5-46EC-A985-ED677F41133D}.Debug|Any CPU.Build.0 = Debug|Any CPU
		{273EF3C8-55E5-46EC-A985-ED677F41133D}.Release|Any CPU.ActiveCfg = Release|Any CPU
		{273EF3C8-55E5-46EC-A985-ED677F41133D}.Release|Any CPU.Build.0 = Release|Any CPU
		{13D76453-95FC-441D-9AC7-E41848C882C4}.Debug|Any CPU.ActiveCfg = Debug|Any CPU
		{13D76453-95FC-441D-9AC7-E41848C882C4}.Debug|Any CPU.Build.0 = Debug|Any CPU
		{13D76453-95FC-441D-9AC7-E41848C882C4}.Release|Any CPU.ActiveCfg = Release|Any CPU
		{13D76453-95FC-441D-9AC7-E41848C882C4}.Release|Any CPU.Build.0 = Release|Any CPU
		{DAA60ED8-B8E3-4D84-85D4-F07DF597281C}.Debug|Any CPU.ActiveCfg = Debug|Any CPU
		{DAA60ED8-B8E3-4D84-85D4-F07DF597281C}.Debug|Any CPU.Build.0 = Debug|Any CPU
		{DAA60ED8-B8E3-4D84-85D4-F07DF597281C}.Release|Any CPU.ActiveCfg = Release|Any CPU
		{DAA60ED8-B8E3-4D84-85D4-F07DF597281C}.Release|Any CPU.Build.0 = Release|Any CPU
	EndGlobalSection
	GlobalSection(SolutionProperties) = preSolution
		HideSolutionNode = FALSE
	EndGlobalSection
	GlobalSection(NestedProjects) = preSolution
		{F85C9334-87AF-4FFC-A301-3A9F57ECD4AB} = {03858045-3849-41E2-ACE9-F10AAA4CCBCA}
		{13D76453-95FC-441D-9AC7-E41848C882C4} = {12A368ED-DC07-4A33-85AB-6330C11476ED}
	EndGlobalSection
	GlobalSection(ExtensibilityGlobals) = postSolution
		SolutionGuid = {F7865083-8AF3-4562-88F2-95FD43368B57}
	EndGlobalSection
EndGlobal
